
Microsoft Visual Studio Solution File, Format Version 12.00
# Visual Studio Version 17
VisualStudioVersion = 17.0.31903.59
MinimumVisualStudioVersion = 10.0.40219.1
Project("{FAE04EC0-301F-11D3-BF4B-00C04F79EFBC}") = "ERPZapateria.Application", "ERPZapateria.Application\ERPZapateria.Application.csproj", "{E0358AF2-A24B-43E3-AA79-E62A9462BE21}"
EndProject
Project("{2150E333-8FDC-42A3-9474-1A3956D46DE8}") = "ERPZapateria.API", "ERPZapateria.API", "{FF057C83-50E1-F2C4-7D4A-5B51713CE1C5}"
EndProject
Project("{FAE04EC0-301F-11D3-BF4B-00C04F79EFBC}") = "ERPZapateria.API", "ERPZapateria.API\ERPZapateria.API\ERPZapateria.API.csproj", "{2DC749CE-A364-4E28-A904-DA5105BA045D}"
EndProject
Global
	GlobalSection(SolutionConfigurationPlatforms) = preSolution
		Debug|Any CPU = Debug|Any CPU
		Debug|x64 = Debug|x64
		Debug|x86 = Debug|x86
		Release|Any CPU = Release|Any CPU
		Release|x64 = Release|x64
		Release|x86 = Release|x86
	EndGlobalSection
	GlobalSection(ProjectConfigurationPlatforms) = postSolution
		{E0358AF2-A24B-43E3-AA79-E62A9462BE21}.Debug|Any CPU.ActiveCfg = Debug|Any CPU
		{E0358AF2-A24B-43E3-AA79-E62A9462BE21}.Debug|Any CPU.Build.0 = Debug|Any CPU
		{E0358AF2-A24B-43E3-AA79-E62A9462BE21}.Debug|x64.ActiveCfg = Debug|Any CPU
		{E0358AF2-A24B-43E3-AA79-E62A9462BE21}.Debug|x64.Build.0 = Debug|Any CPU
		{E0358AF2-A24B-43E3-AA79-E62A9462BE21}.Debug|x86.ActiveCfg = Debug|Any CPU
		{E0358AF2-A24B-43E3-AA79-E62A9462BE21}.Debug|x86.Build.0 = Debug|Any CPU
		{E0358AF2-A24B-43E3-AA79-E62A9462BE21}.Release|Any CPU.ActiveCfg = Release|Any CPU
		{E0358AF2-A24B-43E3-AA79-E62A9462BE21}.Release|Any CPU.Build.0 = Release|Any CPU
		{E0358AF2-A24B-43E3-AA79-E62A9462BE21}.Release|x64.ActiveCfg = Release|Any CPU
		{E0358AF2-A24B-43E3-AA79-E62A9462BE21}.Release|x64.Build.0 = Release|Any CPU
		{E0358AF2-A24B-43E3-AA79-E62A9462BE21}.Release|x86.ActiveCfg = Release|Any CPU
		{E0358AF2-A24B-43E3-AA79-E62A9462BE21}.Release|x86.Build.0 = Release|Any CPU
		{2DC749CE-A364-4E28-A904-DA5105BA045D}.Debug|Any CPU.ActiveCfg = Debug|Any CPU
		{2DC749CE-A364-4E28-A904-DA5105BA045D}.Debug|Any CPU.Build.0 = Debug|Any CPU
		{2DC749CE-A364-4E28-A904-DA5105BA045D}.Debug|x64.ActiveCfg = Debug|Any CPU
		{2DC749CE-A364-4E28-A904-DA5105BA045D}.Debug|x64.Build.0 = Debug|Any CPU
		{2DC749CE-A364-4E28-A904-DA5105BA045D}.Debug|x86.ActiveCfg = Debug|Any CPU
		{2DC749CE-A364-4E28-A904-DA5105BA045D}.Debug|x86.Build.0 = Debug|Any CPU
		{2DC749CE-A364-4E28-A904-DA5105BA045D}.Release|Any CPU.ActiveCfg = Release|Any CPU
		{2DC749CE-A364-4E28-A904-DA5105BA045D}.Release|Any CPU.Build.0 = Release|Any CPU
		{2DC749CE-A364-4E28-A904-DA5105BA045D}.Release|x64.ActiveCfg = Release|Any CPU
		{2DC749CE-A364-4E28-A904-DA5105BA045D}.Release|x64.Build.0 = Release|Any CPU
		{2DC749CE-A364-4E28-A904-DA5105BA045D}.Release|x86.ActiveCfg = Release|Any CPU
		{2DC749CE-A364-4E28-A904-DA5105BA045D}.Release|x86.Build.0 = Release|Any CPU
	EndGlobalSection
	GlobalSection(SolutionProperties) = preSolution
		HideSolutionNode = FALSE
	EndGlobalSection
	GlobalSection(NestedProjects) = preSolution
		{2DC749CE-A364-4E28-A904-DA5105BA045D} = {FF057C83-50E1-F2C4-7D4A-5B51713CE1C5}
	EndGlobalSection
EndGlobal
