
Microsoft Visual Studio Solution File, Format Version 12.00
# Visual Studio Version 17
VisualStudioVersion = 17.14.36930.0
MinimumVisualStudioVersion = 10.0.40219.1
Project("{FAE04EC0-301F-11D3-BF4B-00C04F79EFBC}") = "ERPZapateria.API", "ERPZapateria.API\ERPZapateria.API.csproj", "{AF55A5C1-4891-4F1B-8187-51733FE6987D}"
EndProject
Global
	GlobalSection(SolutionConfigurationPlatforms) = preSolution
		Debug|Any CPU = Debug|Any CPU
		Release|Any CPU = Release|Any CPU
	EndGlobalSection
	GlobalSection(ProjectConfigurationPlatforms) = postSolution
		{AF55A5C1-4891-4F1B-8187-51733FE6987D}.Debug|Any CPU.ActiveCfg = Debug|Any CPU
		{AF55A5C1-4891-4F1B-8187-51733FE6987D}.Debug|Any CPU.Build.0 = Debug|Any CPU
		{AF55A5C1-4891-4F1B-8187-51733FE6987D}.Release|Any CPU.ActiveCfg = Release|Any CPU
		{AF55A5C1-4891-4F1B-8187-51733FE6987D}.Release|Any CPU.Build.0 = Release|Any CPU
	EndGlobalSection
	GlobalSection(SolutionProperties) = preSolution
		HideSolutionNode = FALSE
	EndGlobalSection
	GlobalSection(ExtensibilityGlobals) = postSolution
		SolutionGuid = {0A058163-EC56-4BB3-804F-D2FA54E14D7F}
	EndGlobalSection
EndGlobal
